// !$*UTF8*$!
{
	archiveVersion = 1;
	classes = {
	};
	objectVersion = 51;
	objects = {

/* Begin PBXBuildFile section */
		27CE4180249C608E00DECC9A /* AppDelegate.swift in Sources */ = {isa = PBXBuildFile; fileRef = 27CE417F249C608E00DECC9A /* AppDelegate.swift */; };
		27CE4184249C608E00DECC9A /* ViewController.swift in Sources */ = {isa = PBXBuildFile; fileRef = 27CE4183249C608E00DECC9A /* ViewController.swift */; };
		27CE4187249C608E00DECC9A /* Main.storyboard in Resources */ = {isa = PBXBuildFile; fileRef = 27CE4185249C608E00DECC9A /* Main.storyboard */; };
		27CE4189249C609000DECC9A /* Assets.xcassets in Resources */ = {isa = PBXBuildFile; fileRef = 27CE4188249C609000DECC9A /* Assets.xcassets */; };
		27CE418C249C609000DECC9A /* LaunchScreen.storyboard in Resources */ = {isa = PBXBuildFile; fileRef = 27CE418A249C609000DECC9A /* LaunchScreen.storyboard */; };
		27CE4194249C627F00DECC9A /* SceneDelegate.swift in Sources */ = {isa = PBXBuildFile; fileRef = 27CE4193249C627F00DECC9A /* SceneDelegate.swift */; };
		27CE419D249C6CA500DECC9A /* PIEChartCustomViewViewModel.swift in Sources */ = {isa = PBXBuildFile; fileRef = 27CE419A249C6CA500DECC9A /* PIEChartCustomViewViewModel.swift */; };
		27CE419E249C6CA500DECC9A /* PIEChartCustomView.swift in Sources */ = {isa = PBXBuildFile; fileRef = 27CE419B249C6CA500DECC9A /* PIEChartCustomView.swift */; };
		27CE419F249C6CA500DECC9A /* PIEChartCustomView.xib in Resources */ = {isa = PBXBuildFile; fileRef = 27CE419C249C6CA500DECC9A /* PIEChartCustomView.xib */; };
		27CE41A2249C6D2500DECC9A /* View.swift in Sources */ = {isa = PBXBuildFile; fileRef = 27CE41A1249C6D2500DECC9A /* View.swift */; };
		27CE41A5249C6F4000DECC9A /* ViewModel.swift in Sources */ = {isa = PBXBuildFile; fileRef = 27CE41A4249C6F4000DECC9A /* ViewModel.swift */; };
		27CE41A8249C6FD300DECC9A /* Chart.swift in Sources */ = {isa = PBXBuildFile; fileRef = 27CE41A7249C6FD300DECC9A /* Chart.swift */; };
		27CE41AB249C756E00DECC9A /* UIView+Ext.swift in Sources */ = {isa = PBXBuildFile; fileRef = 27CE41AA249C756E00DECC9A /* UIView+Ext.swift */; };
		27CE41AE249C885900DECC9A /* DateFormater.swift in Sources */ = {isa = PBXBuildFile; fileRef = 27CE41AD249C885900DECC9A /* DateFormater.swift */; };
		27CE41B0249C8A0100DECC9A /* UIString+Date+Ext.swift in Sources */ = {isa = PBXBuildFile; fileRef = 27CE41AF249C8A0100DECC9A /* UIString+Date+Ext.swift */; };
		27CE41B5249C916800DECC9A /* LineChartCustomViewViewModel.swift in Sources */ = {isa = PBXBuildFile; fileRef = 27CE41B2249C916800DECC9A /* LineChartCustomViewViewModel.swift */; };
		27CE41B6249C916800DECC9A /* LineChartCustomView.swift in Sources */ = {isa = PBXBuildFile; fileRef = 27CE41B3249C916800DECC9A /* LineChartCustomView.swift */; };
		27CE41B7249C916800DECC9A /* LineChartCustomView.xib in Resources */ = {isa = PBXBuildFile; fileRef = 27CE41B4249C916800DECC9A /* LineChartCustomView.xib */; };
		2AE13C3AAAEF7A7D7F68CE50 /* Pods_WIHP_Project.framework in Frameworks */ = {isa = PBXBuildFile; fileRef = 00AE8083769CC51360CAD6F6 /* Pods_WIHP_Project.framework */; };
/* End PBXBuildFile section */

/* Begin PBXFileReference section */
		00AE8083769CC51360CAD6F6 /* Pods_WIHP_Project.framework */ = {isa = PBXFileReference; explicitFileType = wrapper.framework; includeInIndex = 0; path = Pods_WIHP_Project.framework; sourceTree = BUILT_PRODUCTS_DIR; };
		17304FADD96504BB2D003C0C /* Pods-WIHP Project.debug.xcconfig */ = {isa = PBXFileReference; includeInIndex = 1; lastKnownFileType = text.xcconfig; name = "Pods-WIHP Project.debug.xcconfig"; path = "Target Support Files/Pods-WIHP Project/Pods-WIHP Project.debug.xcconfig"; sourceTree = "<group>"; };
		27CE417C249C608E00DECC9A /* WIHP Project.app */ = {isa = PBXFileReference; explicitFileType = wrapper.application; includeInIndex = 0; path = "WIHP Project.app"; sourceTree = BUILT_PRODUCTS_DIR; };
		27CE417F249C608E00DECC9A /* AppDelegate.swift */ = {isa = PBXFileReference; lastKnownFileType = sourcecode.swift; path = AppDelegate.swift; sourceTree = "<group>"; };
		27CE4183249C608E00DECC9A /* ViewController.swift */ = {isa = PBXFileReference; lastKnownFileType = sourcecode.swift; path = ViewController.swift; sourceTree = "<group>"; };
		27CE4186249C608E00DECC9A /* Base */ = {isa = PBXFileReference; lastKnownFileType = file.storyboard; name = Base; path = Base.lproj/Main.storyboard; sourceTree = "<group>"; };
		27CE4188249C609000DECC9A /* Assets.xcassets */ = {isa = PBXFileReference; lastKnownFileType = folder.assetcatalog; path = Assets.xcassets; sourceTree = "<group>"; };
		27CE418B249C609000DECC9A /* Base */ = {isa = PBXFileReference; lastKnownFileType = file.storyboard; name = Base; path = Base.lproj/LaunchScreen.storyboard; sourceTree = "<group>"; };
		27CE418D249C609000DECC9A /* Info.plist */ = {isa = PBXFileReference; lastKnownFileType = text.plist.xml; path = Info.plist; sourceTree = "<group>"; };
		27CE4193249C627F00DECC9A /* SceneDelegate.swift */ = {isa = PBXFileReference; fileEncoding = 4; lastKnownFileType = sourcecode.swift; path = SceneDelegate.swift; sourceTree = "<group>"; };
		27CE419A249C6CA500DECC9A /* PIEChartCustomViewViewModel.swift */ = {isa = PBXFileReference; lastKnownFileType = sourcecode.swift; path = PIEChartCustomViewViewModel.swift; sourceTree = "<group>"; };
		27CE419B249C6CA500DECC9A /* PIEChartCustomView.swift */ = {isa = PBXFileReference; lastKnownFileType = sourcecode.swift; path = PIEChartCustomView.swift; sourceTree = "<group>"; };
		27CE419C249C6CA500DECC9A /* PIEChartCustomView.xib */ = {isa = PBXFileReference; lastKnownFileType = file.xib; path = PIEChartCustomView.xib; sourceTree = "<group>"; };
		27CE41A1249C6D2500DECC9A /* View.swift */ = {isa = PBXFileReference; lastKnownFileType = sourcecode.swift; path = View.swift; sourceTree = "<group>"; };
		27CE41A4249C6F4000DECC9A /* ViewModel.swift */ = {isa = PBXFileReference; lastKnownFileType = sourcecode.swift; path = ViewModel.swift; sourceTree = "<group>"; };
		27CE41A7249C6FD300DECC9A /* Chart.swift */ = {isa = PBXFileReference; lastKnownFileType = sourcecode.swift; path = Chart.swift; sourceTree = "<group>"; };
		27CE41AA249C756E00DECC9A /* UIView+Ext.swift */ = {isa = PBXFileReference; lastKnownFileType = sourcecode.swift; path = "UIView+Ext.swift"; sourceTree = "<group>"; };
		27CE41AD249C885900DECC9A /* DateFormater.swift */ = {isa = PBXFileReference; lastKnownFileType = sourcecode.swift; path = DateFormater.swift; sourceTree = "<group>"; };
		27CE41AF249C8A0100DECC9A /* UIString+Date+Ext.swift */ = {isa = PBXFileReference; lastKnownFileType = sourcecode.swift; path = "UIString+Date+Ext.swift"; sourceTree = "<group>"; };
		27CE41B2249C916800DECC9A /* LineChartCustomViewViewModel.swift */ = {isa = PBXFileReference; lastKnownFileType = sourcecode.swift; path = LineChartCustomViewViewModel.swift; sourceTree = "<group>"; };
		27CE41B3249C916800DECC9A /* LineChartCustomView.swift */ = {isa = PBXFileReference; lastKnownFileType = sourcecode.swift; path = LineChartCustomView.swift; sourceTree = "<group>"; };
		27CE41B4249C916800DECC9A /* LineChartCustomView.xib */ = {isa = PBXFileReference; lastKnownFileType = file.xib; path = LineChartCustomView.xib; sourceTree = "<group>"; };
		84E08AD2BC06B6BF8FCA692F /* Pods-WIHP Project.release.xcconfig */ = {isa = PBXFileReference; includeInIndex = 1; lastKnownFileType = text.xcconfig; name = "Pods-WIHP Project.release.xcconfig"; path = "Target Support Files/Pods-WIHP Project/Pods-WIHP Project.release.xcconfig"; sourceTree = "<group>"; };
/* End PBXFileReference section */

/* Begin PBXFrameworksBuildPhase section */
		27CE4179249C608E00DECC9A /* Frameworks */ = {
			isa = PBXFrameworksBuildPhase;
			buildActionMask = 2147483647;
			files = (
				2AE13C3AAAEF7A7D7F68CE50 /* Pods_WIHP_Project.framework in Frameworks */,
			);
			runOnlyForDeploymentPostprocessing = 0;
		};
/* End PBXFrameworksBuildPhase section */

/* Begin PBXGroup section */
		27CE4173249C608D00DECC9A = {
			isa = PBXGroup;
			children = (
				27CE417E249C608E00DECC9A /* WIHP Project */,
				27CE417D249C608E00DECC9A /* Products */,
				30F96F38B4446C4B31CAC7C8 /* Pods */,
				B465468077F04D4B61A5E091 /* Frameworks */,
			);
			sourceTree = "<group>";
		};
		27CE417D249C608E00DECC9A /* Products */ = {
			isa = PBXGroup;
			children = (
				27CE417C249C608E00DECC9A /* WIHP Project.app */,
			);
			name = Products;
			sourceTree = "<group>";
		};
		27CE417E249C608E00DECC9A /* WIHP Project */ = {
			isa = PBXGroup;
			children = (
				27CE41AC249C884800DECC9A /* DateFormater */,
				27CE41A9249C755A00DECC9A /* Extensions */,
				27CE41A6249C6FC800DECC9A /* Models */,
				27CE41A0249C6D0D00DECC9A /* BaseClasses */,
				27CE4198249C6BDF00DECC9A /* XIB */,
				27CE4193249C627F00DECC9A /* SceneDelegate.swift */,
				27CE417F249C608E00DECC9A /* AppDelegate.swift */,
				27CE4183249C608E00DECC9A /* ViewController.swift */,
				27CE4185249C608E00DECC9A /* Main.storyboard */,
				27CE4188249C609000DECC9A /* Assets.xcassets */,
				27CE418A249C609000DECC9A /* LaunchScreen.storyboard */,
				27CE418D249C609000DECC9A /* Info.plist */,
			);
			path = "WIHP Project";
			sourceTree = "<group>";
		};
		27CE4198249C6BDF00DECC9A /* XIB */ = {
			isa = PBXGroup;
			children = (
				27CE41B1249C915200DECC9A /* LineChart */,
				27CE4199249C6BE800DECC9A /* PIEChart */,
			);
			path = XIB;
			sourceTree = "<group>";
		};
		27CE4199249C6BE800DECC9A /* PIEChart */ = {
			isa = PBXGroup;
			children = (
				27CE419A249C6CA500DECC9A /* PIEChartCustomViewViewModel.swift */,
				27CE419B249C6CA500DECC9A /* PIEChartCustomView.swift */,
				27CE419C249C6CA500DECC9A /* PIEChartCustomView.xib */,
			);
			path = PIEChart;
			sourceTree = "<group>";
		};
		27CE41A0249C6D0D00DECC9A /* BaseClasses */ = {
			isa = PBXGroup;
			children = (
				27CE41A1249C6D2500DECC9A /* View.swift */,
				27CE41A4249C6F4000DECC9A /* ViewModel.swift */,
			);
			path = BaseClasses;
			sourceTree = "<group>";
		};
		27CE41A6249C6FC800DECC9A /* Models */ = {
			isa = PBXGroup;
			children = (
				27CE41A7249C6FD300DECC9A /* Chart.swift */,
			);
			path = Models;
			sourceTree = "<group>";
		};
		27CE41A9249C755A00DECC9A /* Extensions */ = {
			isa = PBXGroup;
			children = (
				27CE41AA249C756E00DECC9A /* UIView+Ext.swift */,
				27CE41AF249C8A0100DECC9A /* UIString+Date+Ext.swift */,
			);
			path = Extensions;
			sourceTree = "<group>";
		};
		27CE41AC249C884800DECC9A /* DateFormater */ = {
			isa = PBXGroup;
			children = (
				27CE41AD249C885900DECC9A /* DateFormater.swift */,
			);
			path = DateFormater;
			sourceTree = "<group>";
		};
		27CE41B1249C915200DECC9A /* LineChart */ = {
			isa = PBXGroup;
			children = (
				27CE41B2249C916800DECC9A /* LineChartCustomViewViewModel.swift */,
				27CE41B3249C916800DECC9A /* LineChartCustomView.swift */,
				27CE41B4249C916800DECC9A /* LineChartCustomView.xib */,
			);
			path = LineChart;
			sourceTree = "<group>";
		};
		30F96F38B4446C4B31CAC7C8 /* Pods */ = {
			isa = PBXGroup;
			children = (
				17304FADD96504BB2D003C0C /* Pods-WIHP Project.debug.xcconfig */,
				84E08AD2BC06B6BF8FCA692F /* Pods-WIHP Project.release.xcconfig */,
			);
			path = Pods;
			sourceTree = "<group>";
		};
		B465468077F04D4B61A5E091 /* Frameworks */ = {
			isa = PBXGroup;
			children = (
				00AE8083769CC51360CAD6F6 /* Pods_WIHP_Project.framework */,
			);
			name = Frameworks;
			sourceTree = "<group>";
		};
/* End PBXGroup section */

/* Begin PBXNativeTarget section */
		27CE417B249C608E00DECC9A /* WIHP Project */ = {
			isa = PBXNativeTarget;
			buildConfigurationList = 27CE4190249C609000DECC9A /* Build configuration list for PBXNativeTarget "WIHP Project" */;
			buildPhases = (
				A901F4DE4E8A21496875F065 /* [CP] Check Pods Manifest.lock */,
				27CE4178249C608E00DECC9A /* Sources */,
				27CE4179249C608E00DECC9A /* Frameworks */,
				27CE417A249C608E00DECC9A /* Resources */,
				8E07ECC26FE0C96C9914E101 /* [CP] Embed Pods Frameworks */,
			);
			buildRules = (
			);
			dependencies = (
			);
			name = "WIHP Project";
			productName = "WIHP Project";
			productReference = 27CE417C249C608E00DECC9A /* WIHP Project.app */;
			productType = "com.apple.product-type.application";
		};
/* End PBXNativeTarget section */

/* Begin PBXProject section */
		27CE4174249C608D00DECC9A /* Project object */ = {
			isa = PBXProject;
			attributes = {
				LastSwiftUpdateCheck = 1140;
				LastUpgradeCheck = 1140;
				ORGANIZATIONNAME = "Nour Araar";
				TargetAttributes = {
					27CE417B249C608E00DECC9A = {
						CreatedOnToolsVersion = 11.4;
					};
				};
			};
			buildConfigurationList = 27CE4177249C608D00DECC9A /* Build configuration list for PBXProject "WIHP Project" */;
			compatibilityVersion = "Xcode 9.3";
			developmentRegion = en;
			hasScannedForEncodings = 0;
			knownRegions = (
				en,
				Base,
			);
			mainGroup = 27CE4173249C608D00DECC9A;
			productRefGroup = 27CE417D249C608E00DECC9A /* Products */;
			projectDirPath = "";
			projectRoot = "";
			targets = (
				27CE417B249C608E00DECC9A /* WIHP Project */,
			);
		};
/* End PBXProject section */

/* Begin PBXResourcesBuildPhase section */
		27CE417A249C608E00DECC9A /* Resources */ = {
			isa = PBXResourcesBuildPhase;
			buildActionMask = 2147483647;
			files = (
				27CE418C249C609000DECC9A /* LaunchScreen.storyboard in Resources */,
				27CE419F249C6CA500DECC9A /* PIEChartCustomView.xib in Resources */,
				27CE41B7249C916800DECC9A /* LineChartCustomView.xib in Resources */,
				27CE4189249C609000DECC9A /* Assets.xcassets in Resources */,
				27CE4187249C608E00DECC9A /* Main.storyboard in Resources */,
			);
			runOnlyForDeploymentPostprocessing = 0;
		};
/* End PBXResourcesBuildPhase section */

/* Begin PBXShellScriptBuildPhase section */
		8E07ECC26FE0C96C9914E101 /* [CP] Embed Pods Frameworks */ = {
			isa = PBXShellScriptBuildPhase;
			buildActionMask = 2147483647;
			files = (
			);
			inputFileListPaths = (
				"${PODS_ROOT}/Target Support Files/Pods-WIHP Project/Pods-WIHP Project-frameworks-${CONFIGURATION}-input-files.xcfilelist",
			);
			name = "[CP] Embed Pods Frameworks";
			outputFileListPaths = (
				"${PODS_ROOT}/Target Support Files/Pods-WIHP Project/Pods-WIHP Project-frameworks-${CONFIGURATION}-output-files.xcfilelist",
			);
			runOnlyForDeploymentPostprocessing = 0;
			shellPath = /bin/sh;
			shellScript = "\"${PODS_ROOT}/Target Support Files/Pods-WIHP Project/Pods-WIHP Project-frameworks.sh\"\n";
			showEnvVarsInLog = 0;
		};
		A901F4DE4E8A21496875F065 /* [CP] Check Pods Manifest.lock */ = {
			isa = PBXShellScriptBuildPhase;
			buildActionMask = 2147483647;
			files = (
			);
			inputFileListPaths = (
			);
			inputPaths = (
				"${PODS_PODFILE_DIR_PATH}/Podfile.lock",
				"${PODS_ROOT}/Manifest.lock",
			);
			name = "[CP] Check Pods Manifest.lock";
			outputFileListPaths = (
			);
			outputPaths = (
				"$(DERIVED_FILE_DIR)/Pods-WIHP Project-checkManifestLockResult.txt",
			);
			runOnlyForDeploymentPostprocessing = 0;
			shellPath = /bin/sh;
			shellScript = "diff \"${PODS_PODFILE_DIR_PATH}/Podfile.lock\" \"${PODS_ROOT}/Manifest.lock\" > /dev/null\nif [ $? != 0 ] ; then\n    # print error to STDERR\n    echo \"error: The sandbox is not in sync with the Podfile.lock. Run 'pod install' or update your CocoaPods installation.\" >&2\n    exit 1\nfi\n# This output is used by Xcode 'outputs' to avoid re-running this script phase.\necho \"SUCCESS\" > \"${SCRIPT_OUTPUT_FILE_0}\"\n";
			showEnvVarsInLog = 0;
		};
/* End PBXShellScriptBuildPhase section */

/* Begin PBXSourcesBuildPhase section */
		27CE4178249C608E00DECC9A /* Sources */ = {
			isa = PBXSourcesBuildPhase;
			buildActionMask = 2147483647;
			files = (
				27CE41B0249C8A0100DECC9A /* UIString+Date+Ext.swift in Sources */,
				27CE41A8249C6FD300DECC9A /* Chart.swift in Sources */,
				27CE4184249C608E00DECC9A /* ViewController.swift in Sources */,
				27CE4180249C608E00DECC9A /* AppDelegate.swift in Sources */,
				27CE41A2249C6D2500DECC9A /* View.swift in Sources */,
				27CE41B5249C916800DECC9A /* LineChartCustomViewViewModel.swift in Sources */,
				27CE41B6249C916800DECC9A /* LineChartCustomView.swift in Sources */,
				27CE419D249C6CA500DECC9A /* PIEChartCustomViewViewModel.swift in Sources */,
				27CE41AB249C756E00DECC9A /* UIView+Ext.swift in Sources */,
				27CE419E249C6CA500DECC9A /* PIEChartCustomView.swift in Sources */,
				27CE41AE249C885900DECC9A /* DateFormater.swift in Sources */,
				27CE4194249C627F00DECC9A /* SceneDelegate.swift in Sources */,
				27CE41A5249C6F4000DECC9A /* ViewModel.swift in Sources */,
			);
			runOnlyForDeploymentPostprocessing = 0;
		};
/* End PBXSourcesBuildPhase section */

/* Begin PBXVariantGroup section */
		27CE4185249C608E00DECC9A /* Main.storyboard */ = {
			isa = PBXVariantGroup;
			children = (
				27CE4186249C608E00DECC9A /* Base */,
			);
			name = Main.storyboard;
			sourceTree = "<group>";
		};
		27CE418A249C609000DECC9A /* LaunchScreen.storyboard */ = {
			isa = PBXVariantGroup;
			children = (
				27CE418B249C609000DECC9A /* Base */,
			);
			name = LaunchScreen.storyboard;
			sourceTree = "<group>";
		};
/* End PBXVariantGroup section */

/* Begin XCBuildConfiguration section */
		27CE418E249C609000DECC9A /* Debug */ = {
			isa = XCBuildConfiguration;
			buildSettings = {
				ALWAYS_SEARCH_USER_PATHS = NO;
				CLANG_ANALYZER_NONNULL = YES;
				CLANG_ANALYZER_NUMBER_OBJECT_CONVERSION = YES_AGGRESSIVE;
				CLANG_CXX_LANGUAGE_STANDARD = "gnu++14";
				CLANG_CXX_LIBRARY = "libc++";
				CLANG_ENABLE_MODULES = YES;
				CLANG_ENABLE_OBJC_ARC = YES;
				CLANG_ENABLE_OBJC_WEAK = YES;
				CLANG_WARN_BLOCK_CAPTURE_AUTORELEASING = YES;
				CLANG_WARN_BOOL_CONVERSION = YES;
				CLANG_WARN_COMMA = YES;
				CLANG_WARN_CONSTANT_CONVERSION = YES;
				CLANG_WARN_DEPRECATED_OBJC_IMPLEMENTATIONS = YES;
				CLANG_WARN_DIRECT_OBJC_ISA_USAGE = YES_ERROR;
				CLANG_WARN_DOCUMENTATION_COMMENTS = YES;
				CLANG_WARN_EMPTY_BODY = YES;
				CLANG_WARN_ENUM_CONVERSION = YES;
				CLANG_WARN_INFINITE_RECURSION = YES;
				CLANG_WARN_INT_CONVERSION = YES;
				CLANG_WARN_NON_LITERAL_NULL_CONVERSION = YES;
				CLANG_WARN_OBJC_IMPLICIT_RETAIN_SELF = YES;
				CLANG_WARN_OBJC_LITERAL_CONVERSION = YES;
				CLANG_WARN_OBJC_ROOT_CLASS = YES_ERROR;
				CLANG_WARN_RANGE_LOOP_ANALYSIS = YES;
				CLANG_WARN_STRICT_PROTOTYPES = YES;
				CLANG_WARN_SUSPICIOUS_MOVE = YES;
				CLANG_WARN_UNGUARDED_AVAILABILITY = YES_AGGRESSIVE;
				CLANG_WARN_UNREACHABLE_CODE = YES;
				CLANG_WARN__DUPLICATE_METHOD_MATCH = YES;
				COPY_PHASE_STRIP = NO;
				DEBUG_INFORMATION_FORMAT = dwarf;
				ENABLE_STRICT_OBJC_MSGSEND = YES;
				ENABLE_TESTABILITY = YES;
				GCC_C_LANGUAGE_STANDARD = gnu11;
				GCC_DYNAMIC_NO_PIC = NO;
				GCC_NO_COMMON_BLOCKS = YES;
				GCC_OPTIMIZATION_LEVEL = 0;
				GCC_PREPROCESSOR_DEFINITIONS = (
					"DEBUG=1",
					"$(inherited)",
				);
				GCC_WARN_64_TO_32_BIT_CONVERSION = YES;
				GCC_WARN_ABOUT_RETURN_TYPE = YES_ERROR;
				GCC_WARN_UNDECLARED_SELECTOR = YES;
				GCC_WARN_UNINITIALIZED_AUTOS = YES_AGGRESSIVE;
				GCC_WARN_UNUSED_FUNCTION = YES;
				GCC_WARN_UNUSED_VARIABLE = YES;
				IPHONEOS_DEPLOYMENT_TARGET = 13.4;
				MTL_ENABLE_DEBUG_INFO = INCLUDE_SOURCE;
				MTL_FAST_MATH = YES;
				ONLY_ACTIVE_ARCH = YES;
				SDKROOT = iphoneos;
				SWIFT_ACTIVE_COMPILATION_CONDITIONS = DEBUG;
				SWIFT_OPTIMIZATION_LEVEL = "-Onone";
			};
			name = Debug;
		};
		27CE418F249C609000DECC9A /* Release */ = {
			isa = XCBuildConfiguration;
			buildSettings = {
				ALWAYS_SEARCH_USER_PATHS = NO;
				CLANG_ANALYZER_NONNULL = YES;
				CLANG_ANALYZER_NUMBER_OBJECT_CONVERSION = YES_AGGRESSIVE;
				CLANG_CXX_LANGUAGE_STANDARD = "gnu++14";
				CLANG_CXX_LIBRARY = "libc++";
				CLANG_ENABLE_MODULES = YES;
				CLANG_ENABLE_OBJC_ARC = YES;
				CLANG_ENABLE_OBJC_WEAK = YES;
				CLANG_WARN_BLOCK_CAPTURE_AUTORELEASING = YES;
				CLANG_WARN_BOOL_CONVERSION = YES;
				CLANG_WARN_COMMA = YES;
				CLANG_WARN_CONSTANT_CONVERSION = YES;
				CLANG_WARN_DEPRECATED_OBJC_IMPLEMENTATIONS = YES;
				CLANG_WARN_DIRECT_OBJC_ISA_USAGE = YES_ERROR;
				CLANG_WARN_DOCUMENTATION_COMMENTS = YES;
				CLANG_WARN_EMPTY_BODY = YES;
				CLANG_WARN_ENUM_CONVERSION = YES;
				CLANG_WARN_INFINITE_RECURSION = YES;
				CLANG_WARN_INT_CONVERSION = YES;
				CLANG_WARN_NON_LITERAL_NULL_CONVERSION = YES;
				CLANG_WARN_OBJC_IMPLICIT_RETAIN_SELF = YES;
				CLANG_WARN_OBJC_LITERAL_CONVERSION = YES;
				CLANG_WARN_OBJC_ROOT_CLASS = YES_ERROR;
				CLANG_WARN_RANGE_LOOP_ANALYSIS = YES;
				CLANG_WARN_STRICT_PROTOTYPES = YES;
				CLANG_WARN_SUSPICIOUS_MOVE = YES;
				CLANG_WARN_UNGUARDED_AVAILABILITY = YES_AGGRESSIVE;
				CLANG_WARN_UNREACHABLE_CODE = YES;
				CLANG_WARN__DUPLICATE_METHOD_MATCH = YES;
				COPY_PHASE_STRIP = NO;
				DEBUG_INFORMATION_FORMAT = "dwarf-with-dsym";
				ENABLE_NS_ASSERTIONS = NO;
				ENABLE_STRICT_OBJC_MSGSEND = YES;
				GCC_C_LANGUAGE_STANDARD = gnu11;
				GCC_NO_COMMON_BLOCKS = YES;
				GCC_WARN_64_TO_32_BIT_CONVERSION = YES;
				GCC_WARN_ABOUT_RETURN_TYPE = YES_ERROR;
				GCC_WARN_UNDECLARED_SELECTOR = YES;
				GCC_WARN_UNINITIALIZED_AUTOS = YES_AGGRESSIVE;
				GCC_WARN_UNUSED_FUNCTION = YES;
				GCC_WARN_UNUSED_VARIABLE = YES;
				IPHONEOS_DEPLOYMENT_TARGET = 13.4;
				MTL_ENABLE_DEBUG_INFO = NO;
				MTL_FAST_MATH = YES;
				SDKROOT = iphoneos;
				SWIFT_COMPILATION_MODE = wholemodule;
				SWIFT_OPTIMIZATION_LEVEL = "-O";
				VALIDATE_PRODUCT = YES;
			};
			name = Release;
		};
		27CE4191249C609000DECC9A /* Debug */ = {
			isa = XCBuildConfiguration;
			baseConfigurationReference = 17304FADD96504BB2D003C0C /* Pods-WIHP Project.debug.xcconfig */;
			buildSettings = {
				ASSETCATALOG_COMPILER_APPICON_NAME = AppIcon;
				CODE_SIGN_STYLE = Automatic;
				DEVELOPMENT_TEAM = RXEQF54W6W;
				INFOPLIST_FILE = "WIHP Project/Info.plist";
				IPHONEOS_DEPLOYMENT_TARGET = 13.0;
				LD_RUNPATH_SEARCH_PATHS = (
					"$(inherited)",
					"@executable_path/Frameworks",
				);
				PRODUCT_BUNDLE_IDENTIFIER = "com.nouraraar.WIHP-Project";
				PRODUCT_NAME = "$(TARGET_NAME)";
				SWIFT_VERSION = 4.0;
				TARGETED_DEVICE_FAMILY = 1;
			};
			name = Debug;
		};
		27CE4192249C609000DECC9A /* Release */ = {
			isa = XCBuildConfiguration;
			baseConfigurationReference = 84E08AD2BC06B6BF8FCA692F /* Pods-WIHP Project.release.xcconfig */;
			buildSettings = {
				ASSETCATALOG_COMPILER_APPICON_NAME = AppIcon;
				CODE_SIGN_STYLE = Automatic;
				DEVELOPMENT_TEAM = RXEQF54W6W;
				INFOPLIST_FILE = "WIHP Project/Info.plist";
				IPHONEOS_DEPLOYMENT_TARGET = 13.0;
				LD_RUNPATH_SEARCH_PATHS = (
					"$(inherited)",
					"@executable_path/Frameworks",
				);
				PRODUCT_BUNDLE_IDENTIFIER = "com.nouraraar.WIHP-Project";
				PRODUCT_NAME = "$(TARGET_NAME)";
				SWIFT_VERSION = 4.0;
				TARGETED_DEVICE_FAMILY = 1;
			};
			name = Release;
		};
/* End XCBuildConfiguration section */

/* Begin XCConfigurationList section */
		27CE4177249C608D00DECC9A /* Build configuration list for PBXProject "WIHP Project" */ = {
			isa = XCConfigurationList;
			buildConfigurations = (
				27CE418E249C609000DECC9A /* Debug */,
				27CE418F249C609000DECC9A /* Release */,
			);
			defaultConfigurationIsVisible = 0;
			defaultConfigurationName = Release;
		};
		27CE4190249C609000DECC9A /* Build configuration list for PBXNativeTarget "WIHP Project" */ = {
			isa = XCConfigurationList;
			buildConfigurations = (
				27CE4191249C609000DECC9A /* Debug */,
				27CE4192249C609000DECC9A /* Release */,
			);
			defaultConfigurationIsVisible = 0;
			defaultConfigurationName = Release;
		};
/* End XCConfigurationList section */
	};
	rootObject = 27CE4174249C608D00DECC9A /* Project object */;
}
